
Microsoft Visual Studio Solution File, Format Version 12.00
# Visual Studio Version 17
VisualStudioVersion = 17.8.34408.163
MinimumVisualStudioVersion = 10.0.40219.1
Project("{FAE04EC0-301F-11D3-BF4B-00C04F79EFBC}") = "Mission2", "Mission2.csproj", "{3B7D17CB-209E-4F0C-943E-5F20BCE04B70}"
EndProject
Global
	GlobalSection(SolutionConfigurationPlatforms) = preSolution
		Debug|Any CPU = Debug|Any CPU
		Release|Any CPU = Release|Any CPU
	EndGlobalSection
	GlobalSection(ProjectConfigurationPlatforms) = postSolution
		{3B7D17CB-209E-4F0C-943E-5F20BCE04B70}.Debug|Any CPU.ActiveCfg = Debug|Any CPU
		{3B7D17CB-209E-4F0C-943E-5F20BCE04B70}.Debug|Any CPU.Build.0 = Debug|Any CPU
		{3B7D17CB-209E-4F0C-943E-5F20BCE04B70}.Release|Any CPU.ActiveCfg = Release|Any CPU
		{3B7D17CB-209E-4F0C-943E-5F20BCE04B70}.Release|Any CPU.Build.0 = Release|Any CPU
	EndGlobalSection
	GlobalSection(SolutionProperties) = preSolution
		HideSolutionNode = FALSE
	EndGlobalSection
	GlobalSection(ExtensibilityGlobals) = postSolution
		SolutionGuid = {9C6475E0-3A0F-4A47-BE42-559951E28E87}
	EndGlobalSection
EndGlobal
